
Microsoft Visual Studio Solution File, Format Version 12.00
# Visual Studio Version 17
VisualStudioVersion = 17.9.34622.214
MinimumVisualStudioVersion = 10.0.40219.1
Project("{FAE04EC0-301F-11D3-BF4B-00C04F79EFBC}") = "Calculator2.0", "Calculator2.0\Calculator2.0.csproj", "{A3EF2BD7-9CBD-4CA5-AED6-D2DB3043E2F1}"
EndProject
Global
	GlobalSection(SolutionConfigurationPlatforms) = preSolution
		Debug|Any CPU = Debug|Any CPU
		Release|Any CPU = Release|Any CPU
	EndGlobalSection
	GlobalSection(ProjectConfigurationPlatforms) = postSolution
		{A3EF2BD7-9CBD-4CA5-AED6-D2DB3043E2F1}.Debug|Any CPU.ActiveCfg = Debug|Any CPU
		{A3EF2BD7-9CBD-4CA5-AED6-D2DB3043E2F1}.Debug|Any CPU.Build.0 = Debug|Any CPU
		{A3EF2BD7-9CBD-4CA5-AED6-D2DB3043E2F1}.Release|Any CPU.ActiveCfg = Release|Any CPU
		{A3EF2BD7-9CBD-4CA5-AED6-D2DB3043E2F1}.Release|Any CPU.Build.0 = Release|Any CPU
	EndGlobalSection
	GlobalSection(SolutionProperties) = preSolution
		HideSolutionNode = FALSE
	EndGlobalSection
	GlobalSection(ExtensibilityGlobals) = postSolution
		SolutionGuid = {B5896BDF-FBAE-4156-9C9F-7658028370E5}
	EndGlobalSection
EndGlobal
